// !$*UTF8*$!
{
	archiveVersion = 1;
	classes = {
	};
	objectVersion = 50;
	objects = {

/* Begin PBXBuildFile section */
		2693C69F20AC0F9400E4D1EE /* AppDelegate.m in Sources */ = {isa = PBXBuildFile; fileRef = 2693C69E20AC0F9400E4D1EE /* AppDelegate.m */; };
		2693C6A220AC0F9400E4D1EE /* ViewController.m in Sources */ = {isa = PBXBuildFile; fileRef = 2693C6A120AC0F9400E4D1EE /* ViewController.m */; };
		2693C6A520AC0F9400E4D1EE /* Main.storyboard in Resources */ = {isa = PBXBuildFile; fileRef = 2693C6A320AC0F9400E4D1EE /* Main.storyboard */; };
		2693C6A720AC0F9D00E4D1EE /* Assets.xcassets in Resources */ = {isa = PBXBuildFile; fileRef = 2693C6A620AC0F9D00E4D1EE /* Assets.xcassets */; };
		2693C6AA20AC0F9D00E4D1EE /* LaunchScreen.storyboard in Resources */ = {isa = PBXBuildFile; fileRef = 2693C6A820AC0F9D00E4D1EE /* LaunchScreen.storyboard */; };
		2693C6AD20AC0F9D00E4D1EE /* main.m in Sources */ = {isa = PBXBuildFile; fileRef = 2693C6AC20AC0F9D00E4D1EE /* main.m */; };
		2693C6B520AC14E000E4D1EE /* CameraViewController.m in Sources */ = {isa = PBXBuildFile; fileRef = 2693C6B420AC14E000E4D1EE /* CameraViewController.m */; };
		2693C6B820AC195D00E4D1EE /* CameraFilterView.m in Sources */ = {isa = PBXBuildFile; fileRef = 2693C6B720AC195D00E4D1EE /* CameraFilterView.m */; };
		2693C6BB20AC1B3C00E4D1EE /* CheckViewController.m in Sources */ = {isa = PBXBuildFile; fileRef = 2693C6BA20AC1B3C00E4D1EE /* CheckViewController.m */; };
		2693C6BE20AC1C8800E4D1EE /* MyCamera.m in Sources */ = {isa = PBXBuildFile; fileRef = 2693C6BD20AC1C8800E4D1EE /* MyCamera.m */; };
		4507900F0E98FEF0833E63BE /* libPods-CustomCamera.a in Frameworks */ = {isa = PBXBuildFile; fileRef = 4B0A4851D5817CE16F065F97 /* libPods-CustomCamera.a */; };
/* End PBXBuildFile section */

/* Begin PBXFileReference section */
		2693C69A20AC0F9400E4D1EE /* CustomCamera.app */ = {isa = PBXFileReference; explicitFileType = wrapper.application; includeInIndex = 0; path = CustomCamera.app; sourceTree = BUILT_PRODUCTS_DIR; };
		2693C69D20AC0F9400E4D1EE /* AppDelegate.h */ = {isa = PBXFileReference; lastKnownFileType = sourcecode.c.h; path = AppDelegate.h; sourceTree = "<group>"; };
		2693C69E20AC0F9400E4D1EE /* AppDelegate.m */ = {isa = PBXFileReference; lastKnownFileType = sourcecode.c.objc; path = AppDelegate.m; sourceTree = "<group>"; };
		2693C6A020AC0F9400E4D1EE /* ViewController.h */ = {isa = PBXFileReference; lastKnownFileType = sourcecode.c.h; path = ViewController.h; sourceTree = "<group>"; };
		2693C6A120AC0F9400E4D1EE /* ViewController.m */ = {isa = PBXFileReference; lastKnownFileType = sourcecode.c.objc; path = ViewController.m; sourceTree = "<group>"; };
		2693C6A420AC0F9400E4D1EE /* Base */ = {isa = PBXFileReference; lastKnownFileType = file.storyboard; name = Base; path = Base.lproj/Main.storyboard; sourceTree = "<group>"; };
		2693C6A620AC0F9D00E4D1EE /* Assets.xcassets */ = {isa = PBXFileReference; lastKnownFileType = folder.assetcatalog; path = Assets.xcassets; sourceTree = "<group>"; };
		2693C6A920AC0F9D00E4D1EE /* Base */ = {isa = PBXFileReference; lastKnownFileType = file.storyboard; name = Base; path = Base.lproj/LaunchScreen.storyboard; sourceTree = "<group>"; };
		2693C6AB20AC0F9D00E4D1EE /* Info.plist */ = {isa = PBXFileReference; lastKnownFileType = text.plist.xml; path = Info.plist; sourceTree = "<group>"; };
		2693C6AC20AC0F9D00E4D1EE /* main.m */ = {isa = PBXFileReference; lastKnownFileType = sourcecode.c.objc; path = main.m; sourceTree = "<group>"; };
		2693C6B320AC14E000E4D1EE /* CameraViewController.h */ = {isa = PBXFileReference; lastKnownFileType = sourcecode.c.h; path = CameraViewController.h; sourceTree = "<group>"; };
		2693C6B420AC14E000E4D1EE /* CameraViewController.m */ = {isa = PBXFileReference; lastKnownFileType = sourcecode.c.objc; path = CameraViewController.m; sourceTree = "<group>"; };
		2693C6B620AC195D00E4D1EE /* CameraFilterView.h */ = {isa = PBXFileReference; lastKnownFileType = sourcecode.c.h; path = CameraFilterView.h; sourceTree = "<group>"; };
		2693C6B720AC195D00E4D1EE /* CameraFilterView.m */ = {isa = PBXFileReference; lastKnownFileType = sourcecode.c.objc; path = CameraFilterView.m; sourceTree = "<group>"; };
		2693C6B920AC1B3C00E4D1EE /* CheckViewController.h */ = {isa = PBXFileReference; lastKnownFileType = sourcecode.c.h; path = CheckViewController.h; sourceTree = "<group>"; };
		2693C6BA20AC1B3C00E4D1EE /* CheckViewController.m */ = {isa = PBXFileReference; lastKnownFileType = sourcecode.c.objc; path = CheckViewController.m; sourceTree = "<group>"; };
		2693C6BC20AC1C8800E4D1EE /* MyCamera.h */ = {isa = PBXFileReference; lastKnownFileType = sourcecode.c.h; path = MyCamera.h; sourceTree = "<group>"; };
		2693C6BD20AC1C8800E4D1EE /* MyCamera.m */ = {isa = PBXFileReference; lastKnownFileType = sourcecode.c.objc; path = MyCamera.m; sourceTree = "<group>"; };
		4B0A4851D5817CE16F065F97 /* libPods-CustomCamera.a */ = {isa = PBXFileReference; explicitFileType = archive.ar; includeInIndex = 0; path = "libPods-CustomCamera.a"; sourceTree = BUILT_PRODUCTS_DIR; };
		6D08FB7DC29019E158EE2F6A /* Pods-CustomCamera.debug.xcconfig */ = {isa = PBXFileReference; includeInIndex = 1; lastKnownFileType = text.xcconfig; name = "Pods-CustomCamera.debug.xcconfig"; path = "Pods/Target Support Files/Pods-CustomCamera/Pods-CustomCamera.debug.xcconfig"; sourceTree = "<group>"; };
		B72FD05E71A04011DA875E13 /* Pods-CustomCamera.release.xcconfig */ = {isa = PBXFileReference; includeInIndex = 1; lastKnownFileType = text.xcconfig; name = "Pods-CustomCamera.release.xcconfig"; path = "Pods/Target Support Files/Pods-CustomCamera/Pods-CustomCamera.release.xcconfig"; sourceTree = "<group>"; };
/* End PBXFileReference section */

/* Begin PBXFrameworksBuildPhase section */
		2693C69720AC0F9400E4D1EE /* Frameworks */ = {
			isa = PBXFrameworksBuildPhase;
			buildActionMask = 2147483647;
			files = (
				4507900F0E98FEF0833E63BE /* libPods-CustomCamera.a in Frameworks */,
			);
			runOnlyForDeploymentPostprocessing = 0;
		};
/* End PBXFrameworksBuildPhase section */

/* Begin PBXGroup section */
		2693C69120AC0F9400E4D1EE = {
			isa = PBXGroup;
			children = (
				2693C69C20AC0F9400E4D1EE /* CustomCamera */,
				2693C69B20AC0F9400E4D1EE /* Products */,
				4778FD589B3FCE55DE23AF3F /* Pods */,
				3258D6A09CD60D48BF1E9E10 /* Frameworks */,
			);
			sourceTree = "<group>";
		};
		2693C69B20AC0F9400E4D1EE /* Products */ = {
			isa = PBXGroup;
			children = (
				2693C69A20AC0F9400E4D1EE /* CustomCamera.app */,
			);
			name = Products;
			sourceTree = "<group>";
		};
		2693C69C20AC0F9400E4D1EE /* CustomCamera */ = {
			isa = PBXGroup;
			children = (
				2693C69D20AC0F9400E4D1EE /* AppDelegate.h */,
				2693C69E20AC0F9400E4D1EE /* AppDelegate.m */,
				2693C6A020AC0F9400E4D1EE /* ViewController.h */,
				2693C6A120AC0F9400E4D1EE /* ViewController.m */,
				2693C6B320AC14E000E4D1EE /* CameraViewController.h */,
				2693C6B420AC14E000E4D1EE /* CameraViewController.m */,
				2693C6BC20AC1C8800E4D1EE /* MyCamera.h */,
				2693C6BD20AC1C8800E4D1EE /* MyCamera.m */,
				2693C6B620AC195D00E4D1EE /* CameraFilterView.h */,
				2693C6B720AC195D00E4D1EE /* CameraFilterView.m */,
				2693C6B920AC1B3C00E4D1EE /* CheckViewController.h */,
				2693C6BA20AC1B3C00E4D1EE /* CheckViewController.m */,
				2693C6A320AC0F9400E4D1EE /* Main.storyboard */,
				2693C6A620AC0F9D00E4D1EE /* Assets.xcassets */,
				2693C6A820AC0F9D00E4D1EE /* LaunchScreen.storyboard */,
				2693C6AB20AC0F9D00E4D1EE /* Info.plist */,
				2693C6AC20AC0F9D00E4D1EE /* main.m */,
			);
			path = CustomCamera;
			sourceTree = "<group>";
		};
		3258D6A09CD60D48BF1E9E10 /* Frameworks */ = {
			isa = PBXGroup;
			children = (
				4B0A4851D5817CE16F065F97 /* libPods-CustomCamera.a */,
			);
			name = Frameworks;
			sourceTree = "<group>";
		};
		4778FD589B3FCE55DE23AF3F /* Pods */ = {
			isa = PBXGroup;
			children = (
				6D08FB7DC29019E158EE2F6A /* Pods-CustomCamera.debug.xcconfig */,
				B72FD05E71A04011DA875E13 /* Pods-CustomCamera.release.xcconfig */,
			);
			name = Pods;
			sourceTree = "<group>";
		};
/* End PBXGroup section */

/* Begin PBXNativeTarget section */
		2693C69920AC0F9400E4D1EE /* CustomCamera */ = {
			isa = PBXNativeTarget;
			buildConfigurationList = 2693C6B020AC0F9D00E4D1EE /* Build configuration list for PBXNativeTarget "CustomCamera" */;
			buildPhases = (
				ECBF51B4ACBF53064109BC8B /* [CP] Check Pods Manifest.lock */,
				2693C69620AC0F9400E4D1EE /* Sources */,
				2693C69720AC0F9400E4D1EE /* Frameworks */,
				2693C69820AC0F9400E4D1EE /* Resources */,
				EF430CB19EE4389B08F4AE63 /* [CP] Copy Pods Resources */,
			);
			buildRules = (
			);
			dependencies = (
			);
			name = CustomCamera;
			productName = CustomCamera;
			productReference = 2693C69A20AC0F9400E4D1EE /* CustomCamera.app */;
			productType = "com.apple.product-type.application";
		};
/* End PBXNativeTarget section */

/* Begin PBXProject section */
		2693C69220AC0F9400E4D1EE /* Project object */ = {
			isa = PBXProject;
			attributes = {
				LastUpgradeCheck = 0930;
				ORGANIZATIONNAME = "张雄";
				TargetAttributes = {
					2693C69920AC0F9400E4D1EE = {
						CreatedOnToolsVersion = 9.3;
					};
				};
			};
			buildConfigurationList = 2693C69520AC0F9400E4D1EE /* Build configuration list for PBXProject "CustomCamera" */;
			compatibilityVersion = "Xcode 9.3";
			developmentRegion = en;
			hasScannedForEncodings = 0;
			knownRegions = (
				en,
				Base,
			);
			mainGroup = 2693C69120AC0F9400E4D1EE;
			productRefGroup = 2693C69B20AC0F9400E4D1EE /* Products */;
			projectDirPath = "";
			projectRoot = "";
			targets = (
				2693C69920AC0F9400E4D1EE /* CustomCamera */,
			);
		};
/* End PBXProject section */

/* Begin PBXResourcesBuildPhase section */
		2693C69820AC0F9400E4D1EE /* Resources */ = {
			isa = PBXResourcesBuildPhase;
			buildActionMask = 2147483647;
			files = (
				2693C6AA20AC0F9D00E4D1EE /* LaunchScreen.storyboard in Resources */,
				2693C6A720AC0F9D00E4D1EE /* Assets.xcassets in Resources */,
				2693C6A520AC0F9400E4D1EE /* Main.storyboard in Resources */,
			);
			runOnlyForDeploymentPostprocessing = 0;
		};
/* End PBXResourcesBuildPhase section */

/* Begin PBXShellScriptBuildPhase section */
		ECBF51B4ACBF53064109BC8B /* [CP] Check Pods Manifest.lock */ = {
			isa = PBXShellScriptBuildPhase;
			buildActionMask = 2147483647;
			files = (
			);
			inputPaths = (
				"${PODS_PODFILE_DIR_PATH}/Podfile.lock",
				"${PODS_ROOT}/Manifest.lock",
			);
			name = "[CP] Check Pods Manifest.lock";
			outputPaths = (
				"$(DERIVED_FILE_DIR)/Pods-CustomCamera-checkManifestLockResult.txt",
			);
			runOnlyForDeploymentPostprocessing = 0;
			shellPath = /bin/sh;
			shellScript = "diff \"${PODS_PODFILE_DIR_PATH}/Podfile.lock\" \"${PODS_ROOT}/Manifest.lock\" > /dev/null\nif [ $? != 0 ] ; then\n    # print error to STDERR\n    echo \"error: The sandbox is not in sync with the Podfile.lock. Run 'pod install' or update your CocoaPods installation.\" >&2\n    exit 1\nfi\n# This output is used by Xcode 'outputs' to avoid re-running this script phase.\necho \"SUCCESS\" > \"${SCRIPT_OUTPUT_FILE_0}\"\n";
			showEnvVarsInLog = 0;
		};
		EF430CB19EE4389B08F4AE63 /* [CP] Copy Pods Resources */ = {
			isa = PBXShellScriptBuildPhase;
			buildActionMask = 2147483647;
			files = (
			);
			inputPaths = (
				"${SRCROOT}/Pods/Target Support Files/Pods-CustomCamera/Pods-CustomCamera-resources.sh",
				"${PODS_ROOT}/GPUImage/framework/Resources/lookup.png",
				"${PODS_ROOT}/GPUImage/framework/Resources/lookup_amatorka.png",
				"${PODS_ROOT}/GPUImage/framework/Resources/lookup_miss_etikate.png",
				"${PODS_ROOT}/GPUImage/framework/Resources/lookup_soft_elegance_1.png",
				"${PODS_ROOT}/GPUImage/framework/Resources/lookup_soft_elegance_2.png",
			);
			name = "[CP] Copy Pods Resources";
			outputPaths = (
				"${TARGET_BUILD_DIR}/${UNLOCALIZED_RESOURCES_FOLDER_PATH}/lookup.png",
				"${TARGET_BUILD_DIR}/${UNLOCALIZED_RESOURCES_FOLDER_PATH}/lookup_amatorka.png",
				"${TARGET_BUILD_DIR}/${UNLOCALIZED_RESOURCES_FOLDER_PATH}/lookup_miss_etikate.png",
				"${TARGET_BUILD_DIR}/${UNLOCALIZED_RESOURCES_FOLDER_PATH}/lookup_soft_elegance_1.png",
				"${TARGET_BUILD_DIR}/${UNLOCALIZED_RESOURCES_FOLDER_PATH}/lookup_soft_elegance_2.png",
			);
			runOnlyForDeploymentPostprocessing = 0;
			shellPath = /bin/sh;
			shellScript = "\"${SRCROOT}/Pods/Target Support Files/Pods-CustomCamera/Pods-CustomCamera-resources.sh\"\n";
			showEnvVarsInLog = 0;
		};
/* End PBXShellScriptBuildPhase section */

/* Begin PBXSourcesBuildPhase section */
		2693C69620AC0F9400E4D1EE /* Sources */ = {
			isa = PBXSourcesBuildPhase;
			buildActionMask = 2147483647;
			files = (
				2693C6A220AC0F9400E4D1EE /* ViewController.m in Sources */,
				2693C6BB20AC1B3C00E4D1EE /* CheckViewController.m in Sources */,
				2693C6BE20AC1C8800E4D1EE /* MyCamera.m in Sources */,
				2693C6B520AC14E000E4D1EE /* CameraViewController.m in Sources */,
				2693C6B820AC195D00E4D1EE /* CameraFilterView.m in Sources */,
				2693C6AD20AC0F9D00E4D1EE /* main.m in Sources */,
				2693C69F20AC0F9400E4D1EE /* AppDelegate.m in Sources */,
			);
			runOnlyForDeploymentPostprocessing = 0;
		};
/* End PBXSourcesBuildPhase section */

/* Begin PBXVariantGroup section */
		2693C6A320AC0F9400E4D1EE /* Main.storyboard */ = {
			isa = PBXVariantGroup;
			children = (
				2693C6A420AC0F9400E4D1EE /* Base */,
			);
			name = Main.storyboard;
			sourceTree = "<group>";
		};
		2693C6A820AC0F9D00E4D1EE /* LaunchScreen.storyboard */ = {
			isa = PBXVariantGroup;
			children = (
				2693C6A920AC0F9D00E4D1EE /* Base */,
			);
			name = LaunchScreen.storyboard;
			sourceTree = "<group>";
		};
/* End PBXVariantGroup section */

/* Begin XCBuildConfiguration section */
		2693C6AE20AC0F9D00E4D1EE /* Debug */ = {
			isa = XCBuildConfiguration;
			buildSettings = {
				ALWAYS_SEARCH_USER_PATHS = NO;
				CLANG_ANALYZER_NONNULL = YES;
				CLANG_ANALYZER_NUMBER_OBJECT_CONVERSION = YES_AGGRESSIVE;
				CLANG_CXX_LANGUAGE_STANDARD = "gnu++14";
				CLANG_CXX_LIBRARY = "libc++";
				CLANG_ENABLE_MODULES = YES;
				CLANG_ENABLE_OBJC_ARC = YES;
				CLANG_ENABLE_OBJC_WEAK = YES;
				CLANG_WARN_BLOCK_CAPTURE_AUTORELEASING = YES;
				CLANG_WARN_BOOL_CONVERSION = YES;
				CLANG_WARN_COMMA = YES;
				CLANG_WARN_CONSTANT_CONVERSION = YES;
				CLANG_WARN_DEPRECATED_OBJC_IMPLEMENTATIONS = YES;
				CLANG_WARN_DIRECT_OBJC_ISA_USAGE = YES_ERROR;
				CLANG_WARN_DOCUMENTATION_COMMENTS = YES;
				CLANG_WARN_EMPTY_BODY = YES;
				CLANG_WARN_ENUM_CONVERSION = YES;
				CLANG_WARN_INFINITE_RECURSION = YES;
				CLANG_WARN_INT_CONVERSION = YES;
				CLANG_WARN_NON_LITERAL_NULL_CONVERSION = YES;
				CLANG_WARN_OBJC_IMPLICIT_RETAIN_SELF = YES;
				CLANG_WARN_OBJC_LITERAL_CONVERSION = YES;
				CLANG_WARN_OBJC_ROOT_CLASS = YES_ERROR;
				CLANG_WARN_RANGE_LOOP_ANALYSIS = YES;
				CLANG_WARN_STRICT_PROTOTYPES = YES;
				CLANG_WARN_SUSPICIOUS_MOVE = YES;
				CLANG_WARN_UNGUARDED_AVAILABILITY = YES_AGGRESSIVE;
				CLANG_WARN_UNREACHABLE_CODE = YES;
				CLANG_WARN__DUPLICATE_METHOD_MATCH = YES;
				CODE_SIGN_IDENTITY = "iPhone Developer";
				COPY_PHASE_STRIP = NO;
				DEBUG_INFORMATION_FORMAT = dwarf;
				ENABLE_STRICT_OBJC_MSGSEND = YES;
				ENABLE_TESTABILITY = YES;
				GCC_C_LANGUAGE_STANDARD = gnu11;
				GCC_DYNAMIC_NO_PIC = NO;
				GCC_NO_COMMON_BLOCKS = YES;
				GCC_OPTIMIZATION_LEVEL = 0;
				GCC_PREPROCESSOR_DEFINITIONS = (
					"DEBUG=1",
					"$(inherited)",
				);
				GCC_WARN_64_TO_32_BIT_CONVERSION = YES;
				GCC_WARN_ABOUT_RETURN_TYPE = YES_ERROR;
				GCC_WARN_UNDECLARED_SELECTOR = YES;
				GCC_WARN_UNINITIALIZED_AUTOS = YES_AGGRESSIVE;
				GCC_WARN_UNUSED_FUNCTION = YES;
				GCC_WARN_UNUSED_VARIABLE = YES;
				IPHONEOS_DEPLOYMENT_TARGET = 11.3;
				MTL_ENABLE_DEBUG_INFO = YES;
				ONLY_ACTIVE_ARCH = YES;
				SDKROOT = iphoneos;
			};
			name = Debug;
		};
		2693C6AF20AC0F9D00E4D1EE /* Release */ = {
			isa = XCBuildConfiguration;
			buildSettings = {
				ALWAYS_SEARCH_USER_PATHS = NO;
				CLANG_ANALYZER_NONNULL = YES;
				CLANG_ANALYZER_NUMBER_OBJECT_CONVERSION = YES_AGGRESSIVE;
				CLANG_CXX_LANGUAGE_STANDARD = "gnu++14";
				CLANG_CXX_LIBRARY = "libc++";
				CLANG_ENABLE_MODULES = YES;
				CLANG_ENABLE_OBJC_ARC = YES;
				CLANG_ENABLE_OBJC_WEAK = YES;
				CLANG_WARN_BLOCK_CAPTURE_AUTORELEASING = YES;
				CLANG_WARN_BOOL_CONVERSION = YES;
				CLANG_WARN_COMMA = YES;
				CLANG_WARN_CONSTANT_CONVERSION = YES;
				CLANG_WARN_DEPRECATED_OBJC_IMPLEMENTATIONS = YES;
				CLANG_WARN_DIRECT_OBJC_ISA_USAGE = YES_ERROR;
				CLANG_WARN_DOCUMENTATION_COMMENTS = YES;
				CLANG_WARN_EMPTY_BODY = YES;
				CLANG_WARN_ENUM_CONVERSION = YES;
				CLANG_WARN_INFINITE_RECURSION = YES;
				CLANG_WARN_INT_CONVERSION = YES;
				CLANG_WARN_NON_LITERAL_NULL_CONVERSION = YES;
				CLANG_WARN_OBJC_IMPLICIT_RETAIN_SELF = YES;
				CLANG_WARN_OBJC_LITERAL_CONVERSION = YES;
				CLANG_WARN_OBJC_ROOT_CLASS = YES_ERROR;
				CLANG_WARN_RANGE_LOOP_ANALYSIS = YES;
				CLANG_WARN_STRICT_PROTOTYPES = YES;
				CLANG_WARN_SUSPICIOUS_MOVE = YES;
				CLANG_WARN_UNGUARDED_AVAILABILITY = YES_AGGRESSIVE;
				CLANG_WARN_UNREACHABLE_CODE = YES;
				CLANG_WARN__DUPLICATE_METHOD_MATCH = YES;
				CODE_SIGN_IDENTITY = "iPhone Developer";
				COPY_PHASE_STRIP = NO;
				DEBUG_INFORMATION_FORMAT = "dwarf-with-dsym";
				ENABLE_NS_ASSERTIONS = NO;
				ENABLE_STRICT_OBJC_MSGSEND = YES;
				GCC_C_LANGUAGE_STANDARD = gnu11;
				GCC_NO_COMMON_BLOCKS = YES;
				GCC_WARN_64_TO_32_BIT_CONVERSION = YES;
				GCC_WARN_ABOUT_RETURN_TYPE = YES_ERROR;
				GCC_WARN_UNDECLARED_SELECTOR = YES;
				GCC_WARN_UNINITIALIZED_AUTOS = YES_AGGRESSIVE;
				GCC_WARN_UNUSED_FUNCTION = YES;
				GCC_WARN_UNUSED_VARIABLE = YES;
				IPHONEOS_DEPLOYMENT_TARGET = 11.3;
				MTL_ENABLE_DEBUG_INFO = NO;
				SDKROOT = iphoneos;
				VALIDATE_PRODUCT = YES;
			};
			name = Release;
		};
		2693C6B120AC0F9D00E4D1EE /* Debug */ = {
			isa = XCBuildConfiguration;
			baseConfigurationReference = 6D08FB7DC29019E158EE2F6A /* Pods-CustomCamera.debug.xcconfig */;
			buildSettings = {
				ASSETCATALOG_COMPILER_APPICON_NAME = AppIcon;
				CODE_SIGN_IDENTITY = "iPhone Developer";
				CODE_SIGN_STYLE = Automatic;
				DEVELOPMENT_TEAM = 27L5S4UTFM;
				INFOPLIST_FILE = CustomCamera/Info.plist;
				IPHONEOS_DEPLOYMENT_TARGET = 9.0;
				LD_RUNPATH_SEARCH_PATHS = (
					"$(inherited)",
					"@executable_path/Frameworks",
				);
				PRODUCT_BUNDLE_IDENTIFIER = windorz.CustomCamera;
				PRODUCT_NAME = "$(TARGET_NAME)";
				PROVISIONING_PROFILE_SPECIFIER = "";
				TARGETED_DEVICE_FAMILY = "1,2";
			};
			name = Debug;
		};
		2693C6B220AC0F9D00E4D1EE /* Release */ = {
			isa = XCBuildConfiguration;
			baseConfigurationReference = B72FD05E71A04011DA875E13 /* Pods-CustomCamera.release.xcconfig */;
			buildSettings = {
				ASSETCATALOG_COMPILER_APPICON_NAME = AppIcon;
				CODE_SIGN_IDENTITY = "iPhone Developer";
				CODE_SIGN_STYLE = Automatic;
				DEVELOPMENT_TEAM = 27L5S4UTFM;
				INFOPLIST_FILE = CustomCamera/Info.plist;
				IPHONEOS_DEPLOYMENT_TARGET = 9.0;
				LD_RUNPATH_SEARCH_PATHS = (
					"$(inherited)",
					"@executable_path/Frameworks",
				);
				PRODUCT_BUNDLE_IDENTIFIER = windorz.CustomCamera;
				PRODUCT_NAME = "$(TARGET_NAME)";
				PROVISIONING_PROFILE_SPECIFIER = "";
				TARGETED_DEVICE_FAMILY = "1,2";
			};
			name = Release;
		};
/* End XCBuildConfiguration section */

/* Begin XCConfigurationList section */
		2693C69520AC0F9400E4D1EE /* Build configuration list for PBXProject "CustomCamera" */ = {
			isa = XCConfigurationList;
			buildConfigurations = (
				2693C6AE20AC0F9D00E4D1EE /* Debug */,
				2693C6AF20AC0F9D00E4D1EE /* Release */,
			);
			defaultConfigurationIsVisible = 0;
			defaultConfigurationName = Release;
		};
		2693C6B020AC0F9D00E4D1EE /* Build configuration list for PBXNativeTarget "CustomCamera" */ = {
			isa = XCConfigurationList;
			buildConfigurations = (
				2693C6B120AC0F9D00E4D1EE /* Debug */,
				2693C6B220AC0F9D00E4D1EE /* Release */,
			);
			defaultConfigurationIsVisible = 0;
			defaultConfigurationName = Release;
		};
/* End XCConfigurationList section */
	};
	rootObject = 2693C69220AC0F9400E4D1EE /* Project object */;
}
